
Microsoft Visual Studio Solution File, Format Version 12.00
# Visual Studio Version 16
VisualStudioVersion = 16.0.30717.126
MinimumVisualStudioVersion = 10.0.40219.1
Project("{2150E333-8FDC-42A3-9474-1A3956D46DE8}") = "UI", "UI", "{7E3B73AE-938F-45EA-9F6B-6777C0807F59}"
EndProject
Project("{2150E333-8FDC-42A3-9474-1A3956D46DE8}") = "Services", "Services", "{3DEC7829-1A5F-4B9A-AA22-C8017536DF86}"
EndProject
Project("{2150E333-8FDC-42A3-9474-1A3956D46DE8}") = "Common", "Common", "{1915B94C-C524-4E0C-A8CB-407F4B99F777}"
EndProject
Project("{9A19103F-16F7-4668-BE54-9A1E7A4F7556}") = "WebStore.Domain", "Common\WebStore.Domain\WebStore.Domain.csproj", "{990C293D-D32B-4A4B-8556-8576C25DAB30}"
EndProject
Project("{9A19103F-16F7-4668-BE54-9A1E7A4F7556}") = "WebStore.DAL", "Services\WebStoreDAL\WebStore.DAL.csproj", "{881315DE-8C6F-41EB-9A11-BBB227DA7349}"
EndProject
Project("{9A19103F-16F7-4668-BE54-9A1E7A4F7556}") = "WebStore", "UI\WebStore\WebStore.csproj", "{8C650F06-3E9F-4AC2-8932-2AD212BD651B}"
	ProjectSection(ProjectDependencies) = postProject
		{990C293D-D32B-4A4B-8556-8576C25DAB30} = {990C293D-D32B-4A4B-8556-8576C25DAB30}
		{881315DE-8C6F-41EB-9A11-BBB227DA7349} = {881315DE-8C6F-41EB-9A11-BBB227DA7349}
	EndProjectSection
EndProject
Project("{9A19103F-16F7-4668-BE54-9A1E7A4F7556}") = "WebStore.Services", "Services\WebStore.Services\WebStore.Services.csproj", "{89CEE0C5-36EF-4D00-93AF-B6C92F460373}"
EndProject
Project("{9A19103F-16F7-4668-BE54-9A1E7A4F7556}") = "WebStore.Interfaces", "Services\WebStore.Interfaces\WebStore.Interfaces.csproj", "{9A8BF463-F477-4578-862E-033911B55168}"
EndProject
Project("{FAE04EC0-301F-11D3-BF4B-00C04F79EFBC}") = "WebStore.ServiceHosting", "Services\WebStore.ServiceHosting\WebStore.ServiceHosting.csproj", "{2A349648-4CEC-4D91-804C-3F23D4238912}"
EndProject
Global
	GlobalSection(SolutionConfigurationPlatforms) = preSolution
		Debug|Any CPU = Debug|Any CPU
		Release|Any CPU = Release|Any CPU
	EndGlobalSection
	GlobalSection(ProjectConfigurationPlatforms) = postSolution
		{990C293D-D32B-4A4B-8556-8576C25DAB30}.Debug|Any CPU.ActiveCfg = Debug|Any CPU
		{990C293D-D32B-4A4B-8556-8576C25DAB30}.Debug|Any CPU.Build.0 = Debug|Any CPU
		{990C293D-D32B-4A4B-8556-8576C25DAB30}.Release|Any CPU.ActiveCfg = Release|Any CPU
		{990C293D-D32B-4A4B-8556-8576C25DAB30}.Release|Any CPU.Build.0 = Release|Any CPU
		{881315DE-8C6F-41EB-9A11-BBB227DA7349}.Debug|Any CPU.ActiveCfg = Debug|Any CPU
		{881315DE-8C6F-41EB-9A11-BBB227DA7349}.Debug|Any CPU.Build.0 = Debug|Any CPU
		{881315DE-8C6F-41EB-9A11-BBB227DA7349}.Release|Any CPU.ActiveCfg = Release|Any CPU
		{881315DE-8C6F-41EB-9A11-BBB227DA7349}.Release|Any CPU.Build.0 = Release|Any CPU
		{8C650F06-3E9F-4AC2-8932-2AD212BD651B}.Debug|Any CPU.ActiveCfg = Debug|Any CPU
		{8C650F06-3E9F-4AC2-8932-2AD212BD651B}.Debug|Any CPU.Build.0 = Debug|Any CPU
		{8C650F06-3E9F-4AC2-8932-2AD212BD651B}.Release|Any CPU.ActiveCfg = Release|Any CPU
		{8C650F06-3E9F-4AC2-8932-2AD212BD651B}.Release|Any CPU.Build.0 = Release|Any CPU
		{89CEE0C5-36EF-4D00-93AF-B6C92F460373}.Debug|Any CPU.ActiveCfg = Debug|Any CPU
		{89CEE0C5-36EF-4D00-93AF-B6C92F460373}.Debug|Any CPU.Build.0 = Debug|Any CPU
		{89CEE0C5-36EF-4D00-93AF-B6C92F460373}.Release|Any CPU.ActiveCfg = Release|Any CPU
		{89CEE0C5-36EF-4D00-93AF-B6C92F460373}.Release|Any CPU.Build.0 = Release|Any CPU
		{9A8BF463-F477-4578-862E-033911B55168}.Debug|Any CPU.ActiveCfg = Debug|Any CPU
		{9A8BF463-F477-4578-862E-033911B55168}.Debug|Any CPU.Build.0 = Debug|Any CPU
		{9A8BF463-F477-4578-862E-033911B55168}.Release|Any CPU.ActiveCfg = Release|Any CPU
		{9A8BF463-F477-4578-862E-033911B55168}.Release|Any CPU.Build.0 = Release|Any CPU
		{2A349648-4CEC-4D91-804C-3F23D4238912}.Debug|Any CPU.ActiveCfg = Debug|Any CPU
		{2A349648-4CEC-4D91-804C-3F23D4238912}.Debug|Any CPU.Build.0 = Debug|Any CPU
		{2A349648-4CEC-4D91-804C-3F23D4238912}.Release|Any CPU.ActiveCfg = Release|Any CPU
		{2A349648-4CEC-4D91-804C-3F23D4238912}.Release|Any CPU.Build.0 = Release|Any CPU
	EndGlobalSection
	GlobalSection(SolutionProperties) = preSolution
		HideSolutionNode = FALSE
	EndGlobalSection
	GlobalSection(NestedProjects) = preSolution
		{990C293D-D32B-4A4B-8556-8576C25DAB30} = {1915B94C-C524-4E0C-A8CB-407F4B99F777}
		{881315DE-8C6F-41EB-9A11-BBB227DA7349} = {3DEC7829-1A5F-4B9A-AA22-C8017536DF86}
		{8C650F06-3E9F-4AC2-8932-2AD212BD651B} = {7E3B73AE-938F-45EA-9F6B-6777C0807F59}
		{89CEE0C5-36EF-4D00-93AF-B6C92F460373} = {3DEC7829-1A5F-4B9A-AA22-C8017536DF86}
		{9A8BF463-F477-4578-862E-033911B55168} = {3DEC7829-1A5F-4B9A-AA22-C8017536DF86}
		{2A349648-4CEC-4D91-804C-3F23D4238912} = {3DEC7829-1A5F-4B9A-AA22-C8017536DF86}
	EndGlobalSection
	GlobalSection(ExtensibilityGlobals) = postSolution
		SolutionGuid = {CE88AC94-A6BF-43AD-A931-2C71FDCB3A5A}
	EndGlobalSection
EndGlobal
